// !$*UTF8*$!
{
	archiveVersion = 1;
	classes = {
	};
	objectVersion = 48;
	objects = {

/* Begin PBXBuildFile section */
		81A1D59C1FE345640085621F /* ImageAPIClient.swift in Sources */ = {isa = PBXBuildFile; fileRef = 81A1D59B1FE345640085621F /* ImageAPIClient.swift */; };
		81A1D5A01FE36B990085621F /* ReviewCollectionViewCell.swift in Sources */ = {isa = PBXBuildFile; fileRef = 81A1D59F1FE36B990085621F /* ReviewCollectionViewCell.swift */; };
		81DB211B1FE324EB003BB78A /* AppDelegate.swift in Sources */ = {isa = PBXBuildFile; fileRef = 81DB211A1FE324EB003BB78A /* AppDelegate.swift */; };
		81DB211D1FE324EB003BB78A /* ReviewerViewController.swift in Sources */ = {isa = PBXBuildFile; fileRef = 81DB211C1FE324EB003BB78A /* ReviewerViewController.swift */; };
		81DB21201FE324EC003BB78A /* Main.storyboard in Resources */ = {isa = PBXBuildFile; fileRef = 81DB211E1FE324EC003BB78A /* Main.storyboard */; };
		81DB21221FE324EC003BB78A /* Assets.xcassets in Resources */ = {isa = PBXBuildFile; fileRef = 81DB21211FE324EC003BB78A /* Assets.xcassets */; };
		81DB21251FE324EC003BB78A /* LaunchScreen.storyboard in Resources */ = {isa = PBXBuildFile; fileRef = 81DB21231FE324EC003BB78A /* LaunchScreen.storyboard */; };
		81DB21331FE331E3003BB78A /* Review.swift in Sources */ = {isa = PBXBuildFile; fileRef = 81DB21321FE331E3003BB78A /* Review.swift */; };
		81DB21351FE331F0003BB78A /* ReviewAPIClient.swift in Sources */ = {isa = PBXBuildFile; fileRef = 81DB21341FE331F0003BB78A /* ReviewAPIClient.swift */; };
		81DB21371FE331FD003BB78A /* Critic.swift in Sources */ = {isa = PBXBuildFile; fileRef = 81DB21361FE331FD003BB78A /* Critic.swift */; };
		81DB21391FE33209003BB78A /* CriticAPIClient.swift in Sources */ = {isa = PBXBuildFile; fileRef = 81DB21381FE33209003BB78A /* CriticAPIClient.swift */; };
		81DB213B1FE33288003BB78A /* NetworkHelper.swift in Sources */ = {isa = PBXBuildFile; fileRef = 81DB213A1FE33288003BB78A /* NetworkHelper.swift */; };
/* End PBXBuildFile section */

/* Begin PBXFileReference section */
		81A1D59B1FE345640085621F /* ImageAPIClient.swift */ = {isa = PBXFileReference; lastKnownFileType = sourcecode.swift; path = ImageAPIClient.swift; sourceTree = "<group>"; };
		81A1D59F1FE36B990085621F /* ReviewCollectionViewCell.swift */ = {isa = PBXFileReference; lastKnownFileType = sourcecode.swift; path = ReviewCollectionViewCell.swift; sourceTree = "<group>"; };
		81DB21171FE324EB003BB78A /* Collection-View-Exercises.app */ = {isa = PBXFileReference; explicitFileType = wrapper.application; includeInIndex = 0; path = "Collection-View-Exercises.app"; sourceTree = BUILT_PRODUCTS_DIR; };
		81DB211A1FE324EB003BB78A /* AppDelegate.swift */ = {isa = PBXFileReference; lastKnownFileType = sourcecode.swift; path = AppDelegate.swift; sourceTree = "<group>"; };
		81DB211C1FE324EB003BB78A /* ReviewerViewController.swift */ = {isa = PBXFileReference; lastKnownFileType = sourcecode.swift; path = ReviewerViewController.swift; sourceTree = "<group>"; };
		81DB211F1FE324EC003BB78A /* Base */ = {isa = PBXFileReference; lastKnownFileType = file.storyboard; name = Base; path = Base.lproj/Main.storyboard; sourceTree = "<group>"; };
		81DB21211FE324EC003BB78A /* Assets.xcassets */ = {isa = PBXFileReference; lastKnownFileType = folder.assetcatalog; path = Assets.xcassets; sourceTree = "<group>"; };
		81DB21241FE324EC003BB78A /* Base */ = {isa = PBXFileReference; lastKnownFileType = file.storyboard; name = Base; path = Base.lproj/LaunchScreen.storyboard; sourceTree = "<group>"; };
		81DB21261FE324EC003BB78A /* Info.plist */ = {isa = PBXFileReference; lastKnownFileType = text.plist.xml; path = Info.plist; sourceTree = "<group>"; };
		81DB21321FE331E3003BB78A /* Review.swift */ = {isa = PBXFileReference; lastKnownFileType = sourcecode.swift; path = Review.swift; sourceTree = "<group>"; };
		81DB21341FE331F0003BB78A /* ReviewAPIClient.swift */ = {isa = PBXFileReference; lastKnownFileType = sourcecode.swift; path = ReviewAPIClient.swift; sourceTree = "<group>"; };
		81DB21361FE331FD003BB78A /* Critic.swift */ = {isa = PBXFileReference; lastKnownFileType = sourcecode.swift; path = Critic.swift; sourceTree = "<group>"; };
		81DB21381FE33209003BB78A /* CriticAPIClient.swift */ = {isa = PBXFileReference; lastKnownFileType = sourcecode.swift; path = CriticAPIClient.swift; sourceTree = "<group>"; };
		81DB213A1FE33288003BB78A /* NetworkHelper.swift */ = {isa = PBXFileReference; lastKnownFileType = sourcecode.swift; path = NetworkHelper.swift; sourceTree = "<group>"; };
/* End PBXFileReference section */

/* Begin PBXFrameworksBuildPhase section */
		81DB21141FE324EB003BB78A /* Frameworks */ = {
			isa = PBXFrameworksBuildPhase;
			buildActionMask = 2147483647;
			files = (
			);
			runOnlyForDeploymentPostprocessing = 0;
		};
/* End PBXFrameworksBuildPhase section */

/* Begin PBXGroup section */
		81DB210E1FE324EB003BB78A = {
			isa = PBXGroup;
			children = (
				81DB21191FE324EB003BB78A /* Collection-View-Exercises */,
				81DB21181FE324EB003BB78A /* Products */,
			);
			sourceTree = "<group>";
		};
		81DB21181FE324EB003BB78A /* Products */ = {
			isa = PBXGroup;
			children = (
				81DB21171FE324EB003BB78A /* Collection-View-Exercises.app */,
			);
			name = Products;
			sourceTree = "<group>";
		};
		81DB21191FE324EB003BB78A /* Collection-View-Exercises */ = {
			isa = PBXGroup;
			children = (
				81DB21301FE33168003BB78A /* Unused Stuff */,
				81DB21311FE331C5003BB78A /* Models */,
				81DB212E1FE33118003BB78A /* View Controllers */,
				81DB212F1FE33122003BB78A /* Views */,
				81DB213A1FE33288003BB78A /* NetworkHelper.swift */,
				81A1D59B1FE345640085621F /* ImageAPIClient.swift */,
				81DB211E1FE324EC003BB78A /* Main.storyboard */,
				81DB21261FE324EC003BB78A /* Info.plist */,
			);
			path = "Collection-View-Exercises";
			sourceTree = "<group>";
		};
		81DB212E1FE33118003BB78A /* View Controllers */ = {
			isa = PBXGroup;
			children = (
				81DB211C1FE324EB003BB78A /* ReviewerViewController.swift */,
			);
			path = "View Controllers";
			sourceTree = "<group>";
		};
		81DB212F1FE33122003BB78A /* Views */ = {
			isa = PBXGroup;
			children = (
				81A1D59F1FE36B990085621F /* ReviewCollectionViewCell.swift */,
			);
			path = Views;
			sourceTree = "<group>";
		};
		81DB21301FE33168003BB78A /* Unused Stuff */ = {
			isa = PBXGroup;
			children = (
				81DB211A1FE324EB003BB78A /* AppDelegate.swift */,
				81DB21211FE324EC003BB78A /* Assets.xcassets */,
				81DB21231FE324EC003BB78A /* LaunchScreen.storyboard */,
			);
			path = "Unused Stuff";
			sourceTree = "<group>";
		};
		81DB21311FE331C5003BB78A /* Models */ = {
			isa = PBXGroup;
			children = (
				81DB21361FE331FD003BB78A /* Critic.swift */,
				81DB21381FE33209003BB78A /* CriticAPIClient.swift */,
				81DB21321FE331E3003BB78A /* Review.swift */,
				81DB21341FE331F0003BB78A /* ReviewAPIClient.swift */,
			);
			path = Models;
			sourceTree = "<group>";
		};
/* End PBXGroup section */

/* Begin PBXNativeTarget section */
		81DB21161FE324EB003BB78A /* Collection-View-Exercises */ = {
			isa = PBXNativeTarget;
			buildConfigurationList = 81DB21291FE324EC003BB78A /* Build configuration list for PBXNativeTarget "Collection-View-Exercises" */;
			buildPhases = (
				81DB21131FE324EB003BB78A /* Sources */,
				81DB21141FE324EB003BB78A /* Frameworks */,
				81DB21151FE324EB003BB78A /* Resources */,
			);
			buildRules = (
			);
			dependencies = (
			);
			name = "Collection-View-Exercises";
			productName = "Collection-View-Exercises";
			productReference = 81DB21171FE324EB003BB78A /* Collection-View-Exercises.app */;
			productType = "com.apple.product-type.application";
		};
/* End PBXNativeTarget section */

/* Begin PBXProject section */
		81DB210F1FE324EB003BB78A /* Project object */ = {
			isa = PBXProject;
			attributes = {
				LastSwiftUpdateCheck = 0900;
				LastUpgradeCheck = 0900;
				ORGANIZATIONNAME = "Melissa He @ C4Q";
				TargetAttributes = {
					81DB21161FE324EB003BB78A = {
						CreatedOnToolsVersion = 9.0;
						ProvisioningStyle = Automatic;
					};
				};
			};
			buildConfigurationList = 81DB21121FE324EB003BB78A /* Build configuration list for PBXProject "Collection-View-Exercises" */;
			compatibilityVersion = "Xcode 8.0";
			developmentRegion = en;
			hasScannedForEncodings = 0;
			knownRegions = (
				en,
				Base,
			);
			mainGroup = 81DB210E1FE324EB003BB78A;
			productRefGroup = 81DB21181FE324EB003BB78A /* Products */;
			projectDirPath = "";
			projectRoot = "";
			targets = (
				81DB21161FE324EB003BB78A /* Collection-View-Exercises */,
			);
		};
/* End PBXProject section */

/* Begin PBXResourcesBuildPhase section */
		81DB21151FE324EB003BB78A /* Resources */ = {
			isa = PBXResourcesBuildPhase;
			buildActionMask = 2147483647;
			files = (
				81DB21251FE324EC003BB78A /* LaunchScreen.storyboard in Resources */,
				81DB21221FE324EC003BB78A /* Assets.xcassets in Resources */,
				81DB21201FE324EC003BB78A /* Main.storyboard in Resources */,
			);
			runOnlyForDeploymentPostprocessing = 0;
		};
/* End PBXResourcesBuildPhase section */

/* Begin PBXSourcesBuildPhase section */
		81DB21131FE324EB003BB78A /* Sources */ = {
			isa = PBXSourcesBuildPhase;
			buildActionMask = 2147483647;
			files = (
				81DB213B1FE33288003BB78A /* NetworkHelper.swift in Sources */,
				81A1D5A01FE36B990085621F /* ReviewCollectionViewCell.swift in Sources */,
				81DB211D1FE324EB003BB78A /* ReviewerViewController.swift in Sources */,
				81DB21391FE33209003BB78A /* CriticAPIClient.swift in Sources */,
				81A1D59C1FE345640085621F /* ImageAPIClient.swift in Sources */,
				81DB211B1FE324EB003BB78A /* AppDelegate.swift in Sources */,
				81DB21371FE331FD003BB78A /* Critic.swift in Sources */,
				81DB21331FE331E3003BB78A /* Review.swift in Sources */,
				81DB21351FE331F0003BB78A /* ReviewAPIClient.swift in Sources */,
			);
			runOnlyForDeploymentPostprocessing = 0;
		};
/* End PBXSourcesBuildPhase section */

/* Begin PBXVariantGroup section */
		81DB211E1FE324EC003BB78A /* Main.storyboard */ = {
			isa = PBXVariantGroup;
			children = (
				81DB211F1FE324EC003BB78A /* Base */,
			);
			name = Main.storyboard;
			sourceTree = "<group>";
		};
		81DB21231FE324EC003BB78A /* LaunchScreen.storyboard */ = {
			isa = PBXVariantGroup;
			children = (
				81DB21241FE324EC003BB78A /* Base */,
			);
			name = LaunchScreen.storyboard;
			sourceTree = "<group>";
		};
/* End PBXVariantGroup section */

/* Begin XCBuildConfiguration section */
		81DB21271FE324EC003BB78A /* Debug */ = {
			isa = XCBuildConfiguration;
			buildSettings = {
				ALWAYS_SEARCH_USER_PATHS = NO;
				CLANG_ANALYZER_NONNULL = YES;
				CLANG_ANALYZER_NUMBER_OBJECT_CONVERSION = YES_AGGRESSIVE;
				CLANG_CXX_LANGUAGE_STANDARD = "gnu++14";
				CLANG_CXX_LIBRARY = "libc++";
				CLANG_ENABLE_MODULES = YES;
				CLANG_ENABLE_OBJC_ARC = YES;
				CLANG_WARN_BLOCK_CAPTURE_AUTORELEASING = YES;
				CLANG_WARN_BOOL_CONVERSION = YES;
				CLANG_WARN_COMMA = YES;
				CLANG_WARN_CONSTANT_CONVERSION = YES;
				CLANG_WARN_DIRECT_OBJC_ISA_USAGE = YES_ERROR;
				CLANG_WARN_DOCUMENTATION_COMMENTS = YES;
				CLANG_WARN_EMPTY_BODY = YES;
				CLANG_WARN_ENUM_CONVERSION = YES;
				CLANG_WARN_INFINITE_RECURSION = YES;
				CLANG_WARN_INT_CONVERSION = YES;
				CLANG_WARN_NON_LITERAL_NULL_CONVERSION = YES;
				CLANG_WARN_OBJC_LITERAL_CONVERSION = YES;
				CLANG_WARN_OBJC_ROOT_CLASS = YES_ERROR;
				CLANG_WARN_RANGE_LOOP_ANALYSIS = YES;
				CLANG_WARN_STRICT_PROTOTYPES = YES;
				CLANG_WARN_SUSPICIOUS_MOVE = YES;
				CLANG_WARN_UNGUARDED_AVAILABILITY = YES_AGGRESSIVE;
				CLANG_WARN_UNREACHABLE_CODE = YES;
				CLANG_WARN__DUPLICATE_METHOD_MATCH = YES;
				CODE_SIGN_IDENTITY = "iPhone Developer";
				COPY_PHASE_STRIP = NO;
				DEBUG_INFORMATION_FORMAT = dwarf;
				ENABLE_STRICT_OBJC_MSGSEND = YES;
				ENABLE_TESTABILITY = YES;
				GCC_C_LANGUAGE_STANDARD = gnu11;
				GCC_DYNAMIC_NO_PIC = NO;
				GCC_NO_COMMON_BLOCKS = YES;
				GCC_OPTIMIZATION_LEVEL = 0;
				GCC_PREPROCESSOR_DEFINITIONS = (
					"DEBUG=1",
					"$(inherited)",
				);
				GCC_WARN_64_TO_32_BIT_CONVERSION = YES;
				GCC_WARN_ABOUT_RETURN_TYPE = YES_ERROR;
				GCC_WARN_UNDECLARED_SELECTOR = YES;
				GCC_WARN_UNINITIALIZED_AUTOS = YES_AGGRESSIVE;
				GCC_WARN_UNUSED_FUNCTION = YES;
				GCC_WARN_UNUSED_VARIABLE = YES;
				IPHONEOS_DEPLOYMENT_TARGET = 11.0;
				MTL_ENABLE_DEBUG_INFO = YES;
				ONLY_ACTIVE_ARCH = YES;
				SDKROOT = iphoneos;
				SWIFT_ACTIVE_COMPILATION_CONDITIONS = DEBUG;
				SWIFT_OPTIMIZATION_LEVEL = "-Onone";
			};
			name = Debug;
		};
		81DB21281FE324EC003BB78A /* Release */ = {
			isa = XCBuildConfiguration;
			buildSettings = {
				ALWAYS_SEARCH_USER_PATHS = NO;
				CLANG_ANALYZER_NONNULL = YES;
				CLANG_ANALYZER_NUMBER_OBJECT_CONVERSION = YES_AGGRESSIVE;
				CLANG_CXX_LANGUAGE_STANDARD = "gnu++14";
				CLANG_CXX_LIBRARY = "libc++";
				CLANG_ENABLE_MODULES = YES;
				CLANG_ENABLE_OBJC_ARC = YES;
				CLANG_WARN_BLOCK_CAPTURE_AUTORELEASING = YES;
				CLANG_WARN_BOOL_CONVERSION = YES;
				CLANG_WARN_COMMA = YES;
				CLANG_WARN_CONSTANT_CONVERSION = YES;
				CLANG_WARN_DIRECT_OBJC_ISA_USAGE = YES_ERROR;
				CLANG_WARN_DOCUMENTATION_COMMENTS = YES;
				CLANG_WARN_EMPTY_BODY = YES;
				CLANG_WARN_ENUM_CONVERSION = YES;
				CLANG_WARN_INFINITE_RECURSION = YES;
				CLANG_WARN_INT_CONVERSION = YES;
				CLANG_WARN_NON_LITERAL_NULL_CONVERSION = YES;
				CLANG_WARN_OBJC_LITERAL_CONVERSION = YES;
				CLANG_WARN_OBJC_ROOT_CLASS = YES_ERROR;
				CLANG_WARN_RANGE_LOOP_ANALYSIS = YES;
				CLANG_WARN_STRICT_PROTOTYPES = YES;
				CLANG_WARN_SUSPICIOUS_MOVE = YES;
				CLANG_WARN_UNGUARDED_AVAILABILITY = YES_AGGRESSIVE;
				CLANG_WARN_UNREACHABLE_CODE = YES;
				CLANG_WARN__DUPLICATE_METHOD_MATCH = YES;
				CODE_SIGN_IDENTITY = "iPhone Developer";
				COPY_PHASE_STRIP = NO;
				DEBUG_INFORMATION_FORMAT = "dwarf-with-dsym";
				ENABLE_NS_ASSERTIONS = NO;
				ENABLE_STRICT_OBJC_MSGSEND = YES;
				GCC_C_LANGUAGE_STANDARD = gnu11;
				GCC_NO_COMMON_BLOCKS = YES;
				GCC_WARN_64_TO_32_BIT_CONVERSION = YES;
				GCC_WARN_ABOUT_RETURN_TYPE = YES_ERROR;
				GCC_WARN_UNDECLARED_SELECTOR = YES;
				GCC_WARN_UNINITIALIZED_AUTOS = YES_AGGRESSIVE;
				GCC_WARN_UNUSED_FUNCTION = YES;
				GCC_WARN_UNUSED_VARIABLE = YES;
				IPHONEOS_DEPLOYMENT_TARGET = 11.0;
				MTL_ENABLE_DEBUG_INFO = NO;
				SDKROOT = iphoneos;
				SWIFT_OPTIMIZATION_LEVEL = "-Owholemodule";
				VALIDATE_PRODUCT = YES;
			};
			name = Release;
		};
		81DB212A1FE324EC003BB78A /* Debug */ = {
			isa = XCBuildConfiguration;
			buildSettings = {
				ASSETCATALOG_COMPILER_APPICON_NAME = AppIcon;
				CODE_SIGN_STYLE = Automatic;
				DEVELOPMENT_TEAM = M6644XK36Y;
				INFOPLIST_FILE = "Collection-View-Exercises/Info.plist";
				LD_RUNPATH_SEARCH_PATHS = "$(inherited) @executable_path/Frameworks";
				PRODUCT_BUNDLE_IDENTIFIER = "Melissa-He.Collection-View-Exercises";
				PRODUCT_NAME = "$(TARGET_NAME)";
				SWIFT_VERSION = 4.0;
				TARGETED_DEVICE_FAMILY = "1,2";
			};
			name = Debug;
		};
		81DB212B1FE324EC003BB78A /* Release */ = {
			isa = XCBuildConfiguration;
			buildSettings = {
				ASSETCATALOG_COMPILER_APPICON_NAME = AppIcon;
				CODE_SIGN_STYLE = Automatic;
				DEVELOPMENT_TEAM = M6644XK36Y;
				INFOPLIST_FILE = "Collection-View-Exercises/Info.plist";
				LD_RUNPATH_SEARCH_PATHS = "$(inherited) @executable_path/Frameworks";
				PRODUCT_BUNDLE_IDENTIFIER = "Melissa-He.Collection-View-Exercises";
				PRODUCT_NAME = "$(TARGET_NAME)";
				SWIFT_VERSION = 4.0;
				TARGETED_DEVICE_FAMILY = "1,2";
			};
			name = Release;
		};
/* End XCBuildConfiguration section */

/* Begin XCConfigurationList section */
		81DB21121FE324EB003BB78A /* Build configuration list for PBXProject "Collection-View-Exercises" */ = {
			isa = XCConfigurationList;
			buildConfigurations = (
				81DB21271FE324EC003BB78A /* Debug */,
				81DB21281FE324EC003BB78A /* Release */,
			);
			defaultConfigurationIsVisible = 0;
			defaultConfigurationName = Release;
		};
		81DB21291FE324EC003BB78A /* Build configuration list for PBXNativeTarget "Collection-View-Exercises" */ = {
			isa = XCConfigurationList;
			buildConfigurations = (
				81DB212A1FE324EC003BB78A /* Debug */,
				81DB212B1FE324EC003BB78A /* Release */,
			);
			defaultConfigurationIsVisible = 0;
			defaultConfigurationName = Release;
		};
/* End XCConfigurationList section */
	};
	rootObject = 81DB210F1FE324EB003BB78A /* Project object */;
}
